
Microsoft Visual Studio Solution File, Format Version 12.00
# Visual Studio Version 17
VisualStudioVersion = 17.5.002.0
MinimumVisualStudioVersion = 10.0.40219.1
Project("{9A19103F-16F7-4668-BE54-9A1E7A4F7556}") = "API", "API.csproj", "{99C0F48C-AB83-4CAA-9C40-FE582B8A2D34}"
EndProject
Global
	GlobalSection(SolutionConfigurationPlatforms) = preSolution
		Debug|Any CPU = Debug|Any CPU
		Release|Any CPU = Release|Any CPU
	EndGlobalSection
	GlobalSection(ProjectConfigurationPlatforms) = postSolution
		{99C0F48C-AB83-4CAA-9C40-FE582B8A2D34}.Debug|Any CPU.ActiveCfg = Debug|Any CPU
		{99C0F48C-AB83-4CAA-9C40-FE582B8A2D34}.Debug|Any CPU.Build.0 = Debug|Any CPU
		{99C0F48C-AB83-4CAA-9C40-FE582B8A2D34}.Release|Any CPU.ActiveCfg = Release|Any CPU
		{99C0F48C-AB83-4CAA-9C40-FE582B8A2D34}.Release|Any CPU.Build.0 = Release|Any CPU
	EndGlobalSection
	GlobalSection(SolutionProperties) = preSolution
		HideSolutionNode = FALSE
	EndGlobalSection
	GlobalSection(ExtensibilityGlobals) = postSolution
		SolutionGuid = {9E5A2785-5EB4-4F56-B5B4-870EC5700CFC}
	EndGlobalSection
EndGlobal
